
Microsoft Visual Studio Solution File, Format Version 12.00
# Visual Studio Version 17
VisualStudioVersion = 17.3.32929.385
MinimumVisualStudioVersion = 10.0.40219.1
Project("{FAE04EC0-301F-11D3-BF4B-00C04F79EFBC}") = "pjtQuiz", "pjtQuiz\pjtQuiz.csproj", "{A7F2A6F5-814D-4A61-91D4-4656514B1E0F}"
EndProject
Global
	GlobalSection(SolutionConfigurationPlatforms) = preSolution
		Debug|Any CPU = Debug|Any CPU
		Release|Any CPU = Release|Any CPU
	EndGlobalSection
	GlobalSection(ProjectConfigurationPlatforms) = postSolution
		{A7F2A6F5-814D-4A61-91D4-4656514B1E0F}.Debug|Any CPU.ActiveCfg = Debug|Any CPU
		{A7F2A6F5-814D-4A61-91D4-4656514B1E0F}.Debug|Any CPU.Build.0 = Debug|Any CPU
		{A7F2A6F5-814D-4A61-91D4-4656514B1E0F}.Release|Any CPU.ActiveCfg = Release|Any CPU
		{A7F2A6F5-814D-4A61-91D4-4656514B1E0F}.Release|Any CPU.Build.0 = Release|Any CPU
	EndGlobalSection
	GlobalSection(SolutionProperties) = preSolution
		HideSolutionNode = FALSE
	EndGlobalSection
	GlobalSection(ExtensibilityGlobals) = postSolution
		SolutionGuid = {65C8F9AD-047F-4051-923E-E5A3BD55606C}
	EndGlobalSection
EndGlobal
